
Microsoft Visual Studio Solution File, Format Version 12.00
# Visual Studio Version 17
VisualStudioVersion = 17.4.33103.184
MinimumVisualStudioVersion = 10.0.40219.1
Project("{9A19103F-16F7-4668-BE54-9A1E7A4F7556}") = "ESPresense.Companion", "ESPresense.Companion.csproj", "{E30FC474-B17B-4189-827A-CAB6651BD6DF}"
EndProject
Global
	GlobalSection(SolutionConfigurationPlatforms) = preSolution
		Debug|Any CPU = Debug|Any CPU
		Release|Any CPU = Release|Any CPU
	EndGlobalSection
	GlobalSection(ProjectConfigurationPlatforms) = postSolution
		{E30FC474-B17B-4189-827A-CAB6651BD6DF}.Debug|Any CPU.ActiveCfg = Debug|Any CPU
		{E30FC474-B17B-4189-827A-CAB6651BD6DF}.Debug|Any CPU.Build.0 = Debug|Any CPU
		{E30FC474-B17B-4189-827A-CAB6651BD6DF}.Release|Any CPU.ActiveCfg = Release|Any CPU
		{E30FC474-B17B-4189-827A-CAB6651BD6DF}.Release|Any CPU.Build.0 = Release|Any CPU
	EndGlobalSection
	GlobalSection(SolutionProperties) = preSolution
		HideSolutionNode = FALSE
	EndGlobalSection
	GlobalSection(ExtensibilityGlobals) = postSolution
		SolutionGuid = {3682B11F-7A3C-4E38-81F7-17E362FCC7D2}
	EndGlobalSection
EndGlobal
