{
  "name": "ESPresense-companion",
  "lockfileVersion": 3,
  "requires": true,
  "packages": {
    "": {
      "dependencies": {
        "svelte-table": "^0.6.1"
      }
    },
    "node_modules/svelte-table": {
      "version": "0.6.1",
      "resolved": "https://registry.npmjs.org/svelte-table/-/svelte-table-0.6.1.tgz",
      "integrity": "sha512-DfSwLs19mtp9V4rFo4oYv8T0YWFOR0Yy+43qtj3fPbZhd1h3vyycJ5c6mFlxICnsNYOD7WOjmQ/EpXY85mmJMQ=="
    }
  }
}
